// !$*UTF8*$!
{
	archiveVersion = 1;
	classes = {
	};
	objectVersion = 46;
	objects = {

/* Begin PBXBuildFile section */
		FD4440CF1C07F2C800F9CF06 /* main.m in Sources */ = {isa = PBXBuildFile; fileRef = FD4440CE1C07F2C800F9CF06 /* main.m */; };
		FD4440D21C07F2C800F9CF06 /* AppDelegate.m in Sources */ = {isa = PBXBuildFile; fileRef = FD4440D11C07F2C800F9CF06 /* AppDelegate.m */; };
		FD4440D51C07F2C800F9CF06 /* ViewController.m in Sources */ = {isa = PBXBuildFile; fileRef = FD4440D41C07F2C800F9CF06 /* ViewController.m */; };
		FD4440D81C07F2C800F9CF06 /* Main.storyboard in Resources */ = {isa = PBXBuildFile; fileRef = FD4440D61C07F2C800F9CF06 /* Main.storyboard */; };
		FD4440DA1C07F2C800F9CF06 /* Assets.xcassets in Resources */ = {isa = PBXBuildFile; fileRef = FD4440D91C07F2C800F9CF06 /* Assets.xcassets */; };
		FD4440DD1C07F2C800F9CF06 /* LaunchScreen.storyboard in Resources */ = {isa = PBXBuildFile; fileRef = FD4440DB1C07F2C800F9CF06 /* LaunchScreen.storyboard */; };
		FD4440E81C07F2C800F9CF06 /* FMDBdemoTests.m in Sources */ = {isa = PBXBuildFile; fileRef = FD4440E71C07F2C800F9CF06 /* FMDBdemoTests.m */; };
		FD4440F31C07F2C800F9CF06 /* FMDBdemoUITests.m in Sources */ = {isa = PBXBuildFile; fileRef = FD4440F21C07F2C800F9CF06 /* FMDBdemoUITests.m */; };
		FD4441011C07F30700F9CF06 /* libsqlite3.dylib in Frameworks */ = {isa = PBXBuildFile; fileRef = FD4441001C07F30700F9CF06 /* libsqlite3.dylib */; };
		FD4441041C07F31200F9CF06 /* Play.m in Sources */ = {isa = PBXBuildFile; fileRef = FD4441031C07F31200F9CF06 /* Play.m */; };
		FD4441071C07F32600F9CF06 /* PlayTool.m in Sources */ = {isa = PBXBuildFile; fileRef = FD4441061C07F32600F9CF06 /* PlayTool.m */; };
		FDAA163E1C07F46A001A8C7C /* FMDatabase.m in Sources */ = {isa = PBXBuildFile; fileRef = FDAA16341C07F46A001A8C7C /* FMDatabase.m */; };
		FDAA163F1C07F46A001A8C7C /* FMDatabaseAdditions.m in Sources */ = {isa = PBXBuildFile; fileRef = FDAA16361C07F46A001A8C7C /* FMDatabaseAdditions.m */; };
		FDAA16401C07F46A001A8C7C /* FMDatabasePool.m in Sources */ = {isa = PBXBuildFile; fileRef = FDAA16381C07F46A001A8C7C /* FMDatabasePool.m */; };
		FDAA16411C07F46A001A8C7C /* FMDatabaseQueue.m in Sources */ = {isa = PBXBuildFile; fileRef = FDAA163A1C07F46A001A8C7C /* FMDatabaseQueue.m */; };
		FDAA16421C07F46A001A8C7C /* FMResultSet.m in Sources */ = {isa = PBXBuildFile; fileRef = FDAA163D1C07F46A001A8C7C /* FMResultSet.m */; };
/* End PBXBuildFile section */

/* Begin PBXContainerItemProxy section */
		FD4440E41C07F2C800F9CF06 /* PBXContainerItemProxy */ = {
			isa = PBXContainerItemProxy;
			containerPortal = FD4440C21C07F2C800F9CF06 /* Project object */;
			proxyType = 1;
			remoteGlobalIDString = FD4440C91C07F2C800F9CF06;
			remoteInfo = FMDBdemo;
		};
		FD4440EF1C07F2C800F9CF06 /* PBXContainerItemProxy */ = {
			isa = PBXContainerItemProxy;
			containerPortal = FD4440C21C07F2C800F9CF06 /* Project object */;
			proxyType = 1;
			remoteGlobalIDString = FD4440C91C07F2C800F9CF06;
			remoteInfo = FMDBdemo;
		};
/* End PBXContainerItemProxy section */

/* Begin PBXFileReference section */
		FD4440CA1C07F2C800F9CF06 /* FMDBdemo.app */ = {isa = PBXFileReference; explicitFileType = wrapper.application; includeInIndex = 0; path = FMDBdemo.app; sourceTree = BUILT_PRODUCTS_DIR; };
		FD4440CE1C07F2C800F9CF06 /* main.m */ = {isa = PBXFileReference; lastKnownFileType = sourcecode.c.objc; path = main.m; sourceTree = "<group>"; };
		FD4440D01C07F2C800F9CF06 /* AppDelegate.h */ = {isa = PBXFileReference; lastKnownFileType = sourcecode.c.h; path = AppDelegate.h; sourceTree = "<group>"; };
		FD4440D11C07F2C800F9CF06 /* AppDelegate.m */ = {isa = PBXFileReference; lastKnownFileType = sourcecode.c.objc; path = AppDelegate.m; sourceTree = "<group>"; };
		FD4440D31C07F2C800F9CF06 /* ViewController.h */ = {isa = PBXFileReference; lastKnownFileType = sourcecode.c.h; path = ViewController.h; sourceTree = "<group>"; };
		FD4440D41C07F2C800F9CF06 /* ViewController.m */ = {isa = PBXFileReference; lastKnownFileType = sourcecode.c.objc; path = ViewController.m; sourceTree = "<group>"; };
		FD4440D71C07F2C800F9CF06 /* Base */ = {isa = PBXFileReference; lastKnownFileType = file.storyboard; name = Base; path = Base.lproj/Main.storyboard; sourceTree = "<group>"; };
		FD4440D91C07F2C800F9CF06 /* Assets.xcassets */ = {isa = PBXFileReference; lastKnownFileType = folder.assetcatalog; path = Assets.xcassets; sourceTree = "<group>"; };
		FD4440DC1C07F2C800F9CF06 /* Base */ = {isa = PBXFileReference; lastKnownFileType = file.storyboard; name = Base; path = Base.lproj/LaunchScreen.storyboard; sourceTree = "<group>"; };
		FD4440DE1C07F2C800F9CF06 /* Info.plist */ = {isa = PBXFileReference; lastKnownFileType = text.plist.xml; path = Info.plist; sourceTree = "<group>"; };
		FD4440E31C07F2C800F9CF06 /* FMDBdemoTests.xctest */ = {isa = PBXFileReference; explicitFileType = wrapper.cfbundle; includeInIndex = 0; path = FMDBdemoTests.xctest; sourceTree = BUILT_PRODUCTS_DIR; };
		FD4440E71C07F2C800F9CF06 /* FMDBdemoTests.m */ = {isa = PBXFileReference; lastKnownFileType = sourcecode.c.objc; path = FMDBdemoTests.m; sourceTree = "<group>"; };
		FD4440E91C07F2C800F9CF06 /* Info.plist */ = {isa = PBXFileReference; lastKnownFileType = text.plist.xml; path = Info.plist; sourceTree = "<group>"; };
		FD4440EE1C07F2C800F9CF06 /* FMDBdemoUITests.xctest */ = {isa = PBXFileReference; explicitFileType = wrapper.cfbundle; includeInIndex = 0; path = FMDBdemoUITests.xctest; sourceTree = BUILT_PRODUCTS_DIR; };
		FD4440F21C07F2C800F9CF06 /* FMDBdemoUITests.m */ = {isa = PBXFileReference; lastKnownFileType = sourcecode.c.objc; path = FMDBdemoUITests.m; sourceTree = "<group>"; };
		FD4440F41C07F2C800F9CF06 /* Info.plist */ = {isa = PBXFileReference; lastKnownFileType = text.plist.xml; path = Info.plist; sourceTree = "<group>"; };
		FD4441001C07F30700F9CF06 /* libsqlite3.dylib */ = {isa = PBXFileReference; lastKnownFileType = "compiled.mach-o.dylib"; name = libsqlite3.dylib; path = ../../../../../usr/lib/libsqlite3.dylib; sourceTree = "<group>"; };
		FD4441021C07F31200F9CF06 /* Play.h */ = {isa = PBXFileReference; fileEncoding = 4; lastKnownFileType = sourcecode.c.h; path = Play.h; sourceTree = "<group>"; };
		FD4441031C07F31200F9CF06 /* Play.m */ = {isa = PBXFileReference; fileEncoding = 4; lastKnownFileType = sourcecode.c.objc; path = Play.m; sourceTree = "<group>"; };
		FD4441051C07F32600F9CF06 /* PlayTool.h */ = {isa = PBXFileReference; fileEncoding = 4; lastKnownFileType = sourcecode.c.h; path = PlayTool.h; sourceTree = "<group>"; };
		FD4441061C07F32600F9CF06 /* PlayTool.m */ = {isa = PBXFileReference; fileEncoding = 4; lastKnownFileType = sourcecode.c.objc; path = PlayTool.m; sourceTree = "<group>"; };
		FDAA16331C07F46A001A8C7C /* FMDatabase.h */ = {isa = PBXFileReference; fileEncoding = 4; lastKnownFileType = sourcecode.c.h; path = FMDatabase.h; sourceTree = "<group>"; };
		FDAA16341C07F46A001A8C7C /* FMDatabase.m */ = {isa = PBXFileReference; fileEncoding = 4; lastKnownFileType = sourcecode.c.objc; path = FMDatabase.m; sourceTree = "<group>"; };
		FDAA16351C07F46A001A8C7C /* FMDatabaseAdditions.h */ = {isa = PBXFileReference; fileEncoding = 4; lastKnownFileType = sourcecode.c.h; path = FMDatabaseAdditions.h; sourceTree = "<group>"; };
		FDAA16361C07F46A001A8C7C /* FMDatabaseAdditions.m */ = {isa = PBXFileReference; fileEncoding = 4; lastKnownFileType = sourcecode.c.objc; path = FMDatabaseAdditions.m; sourceTree = "<group>"; };
		FDAA16371C07F46A001A8C7C /* FMDatabasePool.h */ = {isa = PBXFileReference; fileEncoding = 4; lastKnownFileType = sourcecode.c.h; path = FMDatabasePool.h; sourceTree = "<group>"; };
		FDAA16381C07F46A001A8C7C /* FMDatabasePool.m */ = {isa = PBXFileReference; fileEncoding = 4; lastKnownFileType = sourcecode.c.objc; path = FMDatabasePool.m; sourceTree = "<group>"; };
		FDAA16391C07F46A001A8C7C /* FMDatabaseQueue.h */ = {isa = PBXFileReference; fileEncoding = 4; lastKnownFileType = sourcecode.c.h; path = FMDatabaseQueue.h; sourceTree = "<group>"; };
		FDAA163A1C07F46A001A8C7C /* FMDatabaseQueue.m */ = {isa = PBXFileReference; fileEncoding = 4; lastKnownFileType = sourcecode.c.objc; path = FMDatabaseQueue.m; sourceTree = "<group>"; };
		FDAA163B1C07F46A001A8C7C /* FMDB.h */ = {isa = PBXFileReference; fileEncoding = 4; lastKnownFileType = sourcecode.c.h; path = FMDB.h; sourceTree = "<group>"; };
		FDAA163C1C07F46A001A8C7C /* FMResultSet.h */ = {isa = PBXFileReference; fileEncoding = 4; lastKnownFileType = sourcecode.c.h; path = FMResultSet.h; sourceTree = "<group>"; };
		FDAA163D1C07F46A001A8C7C /* FMResultSet.m */ = {isa = PBXFileReference; fileEncoding = 4; lastKnownFileType = sourcecode.c.objc; path = FMResultSet.m; sourceTree = "<group>"; };
/* End PBXFileReference section */

/* Begin PBXFrameworksBuildPhase section */
		FD4440C71C07F2C800F9CF06 /* Frameworks */ = {
			isa = PBXFrameworksBuildPhase;
			buildActionMask = 2147483647;
			files = (
				FD4441011C07F30700F9CF06 /* libsqlite3.dylib in Frameworks */,
			);
			runOnlyForDeploymentPostprocessing = 0;
		};
		FD4440E01C07F2C800F9CF06 /* Frameworks */ = {
			isa = PBXFrameworksBuildPhase;
			buildActionMask = 2147483647;
			files = (
			);
			runOnlyForDeploymentPostprocessing = 0;
		};
		FD4440EB1C07F2C800F9CF06 /* Frameworks */ = {
			isa = PBXFrameworksBuildPhase;
			buildActionMask = 2147483647;
			files = (
			);
			runOnlyForDeploymentPostprocessing = 0;
		};
/* End PBXFrameworksBuildPhase section */

/* Begin PBXGroup section */
		FD4440C11C07F2C800F9CF06 = {
			isa = PBXGroup;
			children = (
				FD4441001C07F30700F9CF06 /* libsqlite3.dylib */,
				FD4440CC1C07F2C800F9CF06 /* FMDBdemo */,
				FD4440E61C07F2C800F9CF06 /* FMDBdemoTests */,
				FD4440F11C07F2C800F9CF06 /* FMDBdemoUITests */,
				FD4440CB1C07F2C800F9CF06 /* Products */,
			);
			sourceTree = "<group>";
		};
		FD4440CB1C07F2C800F9CF06 /* Products */ = {
			isa = PBXGroup;
			children = (
				FD4440CA1C07F2C800F9CF06 /* FMDBdemo.app */,
				FD4440E31C07F2C800F9CF06 /* FMDBdemoTests.xctest */,
				FD4440EE1C07F2C800F9CF06 /* FMDBdemoUITests.xctest */,
			);
			name = Products;
			sourceTree = "<group>";
		};
		FD4440CC1C07F2C800F9CF06 /* FMDBdemo */ = {
			isa = PBXGroup;
			children = (
				FDAA16321C07F46A001A8C7C /* fmdb */,
				FD4440D01C07F2C800F9CF06 /* AppDelegate.h */,
				FD4440D11C07F2C800F9CF06 /* AppDelegate.m */,
				FD4440D31C07F2C800F9CF06 /* ViewController.h */,
				FD4440D41C07F2C800F9CF06 /* ViewController.m */,
				FD4441021C07F31200F9CF06 /* Play.h */,
				FD4441031C07F31200F9CF06 /* Play.m */,
				FD4441051C07F32600F9CF06 /* PlayTool.h */,
				FD4441061C07F32600F9CF06 /* PlayTool.m */,
				FD4440D61C07F2C800F9CF06 /* Main.storyboard */,
				FD4440D91C07F2C800F9CF06 /* Assets.xcassets */,
				FD4440DB1C07F2C800F9CF06 /* LaunchScreen.storyboard */,
				FD4440DE1C07F2C800F9CF06 /* Info.plist */,
				FD4440CD1C07F2C800F9CF06 /* Supporting Files */,
			);
			path = FMDBdemo;
			sourceTree = "<group>";
		};
		FD4440CD1C07F2C800F9CF06 /* Supporting Files */ = {
			isa = PBXGroup;
			children = (
				FD4440CE1C07F2C800F9CF06 /* main.m */,
			);
			name = "Supporting Files";
			sourceTree = "<group>";
		};
		FD4440E61C07F2C800F9CF06 /* FMDBdemoTests */ = {
			isa = PBXGroup;
			children = (
				FD4440E71C07F2C800F9CF06 /* FMDBdemoTests.m */,
				FD4440E91C07F2C800F9CF06 /* Info.plist */,
			);
			path = FMDBdemoTests;
			sourceTree = "<group>";
		};
		FD4440F11C07F2C800F9CF06 /* FMDBdemoUITests */ = {
			isa = PBXGroup;
			children = (
				FD4440F21C07F2C800F9CF06 /* FMDBdemoUITests.m */,
				FD4440F41C07F2C800F9CF06 /* Info.plist */,
			);
			path = FMDBdemoUITests;
			sourceTree = "<group>";
		};
		FDAA16321C07F46A001A8C7C /* fmdb */ = {
			isa = PBXGroup;
			children = (
				FDAA16331C07F46A001A8C7C /* FMDatabase.h */,
				FDAA16341C07F46A001A8C7C /* FMDatabase.m */,
				FDAA16351C07F46A001A8C7C /* FMDatabaseAdditions.h */,
				FDAA16361C07F46A001A8C7C /* FMDatabaseAdditions.m */,
				FDAA16371C07F46A001A8C7C /* FMDatabasePool.h */,
				FDAA16381C07F46A001A8C7C /* FMDatabasePool.m */,
				FDAA16391C07F46A001A8C7C /* FMDatabaseQueue.h */,
				FDAA163A1C07F46A001A8C7C /* FMDatabaseQueue.m */,
				FDAA163B1C07F46A001A8C7C /* FMDB.h */,
				FDAA163C1C07F46A001A8C7C /* FMResultSet.h */,
				FDAA163D1C07F46A001A8C7C /* FMResultSet.m */,
			);
			path = fmdb;
			sourceTree = "<group>";
		};
/* End PBXGroup section */

/* Begin PBXNativeTarget section */
		FD4440C91C07F2C800F9CF06 /* FMDBdemo */ = {
			isa = PBXNativeTarget;
			buildConfigurationList = FD4440F71C07F2C800F9CF06 /* Build configuration list for PBXNativeTarget "FMDBdemo" */;
			buildPhases = (
				FD4440C61C07F2C800F9CF06 /* Sources */,
				FD4440C71C07F2C800F9CF06 /* Frameworks */,
				FD4440C81C07F2C800F9CF06 /* Resources */,
			);
			buildRules = (
			);
			dependencies = (
			);
			name = FMDBdemo;
			productName = FMDBdemo;
			productReference = FD4440CA1C07F2C800F9CF06 /* FMDBdemo.app */;
			productType = "com.apple.product-type.application";
		};
		FD4440E21C07F2C800F9CF06 /* FMDBdemoTests */ = {
			isa = PBXNativeTarget;
			buildConfigurationList = FD4440FA1C07F2C800F9CF06 /* Build configuration list for PBXNativeTarget "FMDBdemoTests" */;
			buildPhases = (
				FD4440DF1C07F2C800F9CF06 /* Sources */,
				FD4440E01C07F2C800F9CF06 /* Frameworks */,
				FD4440E11C07F2C800F9CF06 /* Resources */,
			);
			buildRules = (
			);
			dependencies = (
				FD4440E51C07F2C800F9CF06 /* PBXTargetDependency */,
			);
			name = FMDBdemoTests;
			productName = FMDBdemoTests;
			productReference = FD4440E31C07F2C800F9CF06 /* FMDBdemoTests.xctest */;
			productType = "com.apple.product-type.bundle.unit-test";
		};
		FD4440ED1C07F2C800F9CF06 /* FMDBdemoUITests */ = {
			isa = PBXNativeTarget;
			buildConfigurationList = FD4440FD1C07F2C800F9CF06 /* Build configuration list for PBXNativeTarget "FMDBdemoUITests" */;
			buildPhases = (
				FD4440EA1C07F2C800F9CF06 /* Sources */,
				FD4440EB1C07F2C800F9CF06 /* Frameworks */,
				FD4440EC1C07F2C800F9CF06 /* Resources */,
			);
			buildRules = (
			);
			dependencies = (
				FD4440F01C07F2C800F9CF06 /* PBXTargetDependency */,
			);
			name = FMDBdemoUITests;
			productName = FMDBdemoUITests;
			productReference = FD4440EE1C07F2C800F9CF06 /* FMDBdemoUITests.xctest */;
			productType = "com.apple.product-type.bundle.ui-testing";
		};
/* End PBXNativeTarget section */

/* Begin PBXProject section */
		FD4440C21C07F2C800F9CF06 /* Project object */ = {
			isa = PBXProject;
			attributes = {
				LastUpgradeCheck = 0710;
				ORGANIZATIONNAME = "康叶廷";
				TargetAttributes = {
					FD4440C91C07F2C800F9CF06 = {
						CreatedOnToolsVersion = 7.1.1;
						DevelopmentTeam = PUKZS9L4EM;
					};
					FD4440E21C07F2C800F9CF06 = {
						CreatedOnToolsVersion = 7.1.1;
						DevelopmentTeam = PUKZS9L4EM;
						TestTargetID = FD4440C91C07F2C800F9CF06;
					};
					FD4440ED1C07F2C800F9CF06 = {
						CreatedOnToolsVersion = 7.1.1;
						DevelopmentTeam = PUKZS9L4EM;
						TestTargetID = FD4440C91C07F2C800F9CF06;
					};
				};
			};
			buildConfigurationList = FD4440C51C07F2C800F9CF06 /* Build configuration list for PBXProject "FMDBdemo" */;
			compatibilityVersion = "Xcode 3.2";
			developmentRegion = English;
			hasScannedForEncodings = 0;
			knownRegions = (
				en,
				Base,
			);
			mainGroup = FD4440C11C07F2C800F9CF06;
			productRefGroup = FD4440CB1C07F2C800F9CF06 /* Products */;
			projectDirPath = "";
			projectRoot = "";
			targets = (
				FD4440C91C07F2C800F9CF06 /* FMDBdemo */,
				FD4440E21C07F2C800F9CF06 /* FMDBdemoTests */,
				FD4440ED1C07F2C800F9CF06 /* FMDBdemoUITests */,
			);
		};
/* End PBXProject section */

/* Begin PBXResourcesBuildPhase section */
		FD4440C81C07F2C800F9CF06 /* Resources */ = {
			isa = PBXResourcesBuildPhase;
			buildActionMask = 2147483647;
			files = (
				FD4440DD1C07F2C800F9CF06 /* LaunchScreen.storyboard in Resources */,
				FD4440DA1C07F2C800F9CF06 /* Assets.xcassets in Resources */,
				FD4440D81C07F2C800F9CF06 /* Main.storyboard in Resources */,
			);
			runOnlyForDeploymentPostprocessing = 0;
		};
		FD4440E11C07F2C800F9CF06 /* Resources */ = {
			isa = PBXResourcesBuildPhase;
			buildActionMask = 2147483647;
			files = (
			);
			runOnlyForDeploymentPostprocessing = 0;
		};
		FD4440EC1C07F2C800F9CF06 /* Resources */ = {
			isa = PBXResourcesBuildPhase;
			buildActionMask = 2147483647;
			files = (
			);
			runOnlyForDeploymentPostprocessing = 0;
		};
/* End PBXResourcesBuildPhase section */

/* Begin PBXSourcesBuildPhase section */
		FD4440C61C07F2C800F9CF06 /* Sources */ = {
			isa = PBXSourcesBuildPhase;
			buildActionMask = 2147483647;
			files = (
				FD4440D51C07F2C800F9CF06 /* ViewController.m in Sources */,
				FD4440D21C07F2C800F9CF06 /* AppDelegate.m in Sources */,
				FD4440CF1C07F2C800F9CF06 /* main.m in Sources */,
				FDAA163E1C07F46A001A8C7C /* FMDatabase.m in Sources */,
				FDAA16421C07F46A001A8C7C /* FMResultSet.m in Sources */,
				FD4441041C07F31200F9CF06 /* Play.m in Sources */,
				FDAA16401C07F46A001A8C7C /* FMDatabasePool.m in Sources */,
				FDAA163F1C07F46A001A8C7C /* FMDatabaseAdditions.m in Sources */,
				FD4441071C07F32600F9CF06 /* PlayTool.m in Sources */,
				FDAA16411C07F46A001A8C7C /* FMDatabaseQueue.m in Sources */,
			);
			runOnlyForDeploymentPostprocessing = 0;
		};
		FD4440DF1C07F2C800F9CF06 /* Sources */ = {
			isa = PBXSourcesBuildPhase;
			buildActionMask = 2147483647;
			files = (
				FD4440E81C07F2C800F9CF06 /* FMDBdemoTests.m in Sources */,
			);
			runOnlyForDeploymentPostprocessing = 0;
		};
		FD4440EA1C07F2C800F9CF06 /* Sources */ = {
			isa = PBXSourcesBuildPhase;
			buildActionMask = 2147483647;
			files = (
				FD4440F31C07F2C800F9CF06 /* FMDBdemoUITests.m in Sources */,
			);
			runOnlyForDeploymentPostprocessing = 0;
		};
/* End PBXSourcesBuildPhase section */

/* Begin PBXTargetDependency section */
		FD4440E51C07F2C800F9CF06 /* PBXTargetDependency */ = {
			isa = PBXTargetDependency;
			target = FD4440C91C07F2C800F9CF06 /* FMDBdemo */;
			targetProxy = FD4440E41C07F2C800F9CF06 /* PBXContainerItemProxy */;
		};
		FD4440F01C07F2C800F9CF06 /* PBXTargetDependency */ = {
			isa = PBXTargetDependency;
			target = FD4440C91C07F2C800F9CF06 /* FMDBdemo */;
			targetProxy = FD4440EF1C07F2C800F9CF06 /* PBXContainerItemProxy */;
		};
/* End PBXTargetDependency section */

/* Begin PBXVariantGroup section */
		FD4440D61C07F2C800F9CF06 /* Main.storyboard */ = {
			isa = PBXVariantGroup;
			children = (
				FD4440D71C07F2C800F9CF06 /* Base */,
			);
			name = Main.storyboard;
			sourceTree = "<group>";
		};
		FD4440DB1C07F2C800F9CF06 /* LaunchScreen.storyboard */ = {
			isa = PBXVariantGroup;
			children = (
				FD4440DC1C07F2C800F9CF06 /* Base */,
			);
			name = LaunchScreen.storyboard;
			sourceTree = "<group>";
		};
/* End PBXVariantGroup section */

/* Begin XCBuildConfiguration section */
		FD4440F51C07F2C800F9CF06 /* Debug */ = {
			isa = XCBuildConfiguration;
			buildSettings = {
				ALWAYS_SEARCH_USER_PATHS = NO;
				CLANG_CXX_LANGUAGE_STANDARD = "gnu++0x";
				CLANG_CXX_LIBRARY = "libc++";
				CLANG_ENABLE_MODULES = YES;
				CLANG_ENABLE_OBJC_ARC = YES;
				CLANG_WARN_BOOL_CONVERSION = YES;
				CLANG_WARN_CONSTANT_CONVERSION = YES;
				CLANG_WARN_DIRECT_OBJC_ISA_USAGE = YES_ERROR;
				CLANG_WARN_EMPTY_BODY = YES;
				CLANG_WARN_ENUM_CONVERSION = YES;
				CLANG_WARN_INT_CONVERSION = YES;
				CLANG_WARN_OBJC_ROOT_CLASS = YES_ERROR;
				CLANG_WARN_UNREACHABLE_CODE = YES;
				CLANG_WARN__DUPLICATE_METHOD_MATCH = YES;
				"CODE_SIGN_IDENTITY[sdk=iphoneos*]" = "iPhone Developer";
				COPY_PHASE_STRIP = NO;
				DEBUG_INFORMATION_FORMAT = dwarf;
				ENABLE_STRICT_OBJC_MSGSEND = YES;
				ENABLE_TESTABILITY = YES;
				GCC_C_LANGUAGE_STANDARD = gnu99;
				GCC_DYNAMIC_NO_PIC = NO;
				GCC_NO_COMMON_BLOCKS = YES;
				GCC_OPTIMIZATION_LEVEL = 0;
				GCC_PREPROCESSOR_DEFINITIONS = (
					"DEBUG=1",
					"$(inherited)",
				);
				GCC_WARN_64_TO_32_BIT_CONVERSION = YES;
				GCC_WARN_ABOUT_RETURN_TYPE = YES_ERROR;
				GCC_WARN_UNDECLARED_SELECTOR = YES;
				GCC_WARN_UNINITIALIZED_AUTOS = YES_AGGRESSIVE;
				GCC_WARN_UNUSED_FUNCTION = YES;
				GCC_WARN_UNUSED_VARIABLE = YES;
				IPHONEOS_DEPLOYMENT_TARGET = 9.1;
				MTL_ENABLE_DEBUG_INFO = YES;
				ONLY_ACTIVE_ARCH = YES;
				SDKROOT = iphoneos;
				TARGETED_DEVICE_FAMILY = "1,2";
			};
			name = Debug;
		};
		FD4440F61C07F2C800F9CF06 /* Release */ = {
			isa = XCBuildConfiguration;
			buildSettings = {
				ALWAYS_SEARCH_USER_PATHS = NO;
				CLANG_CXX_LANGUAGE_STANDARD = "gnu++0x";
				CLANG_CXX_LIBRARY = "libc++";
				CLANG_ENABLE_MODULES = YES;
				CLANG_ENABLE_OBJC_ARC = YES;
				CLANG_WARN_BOOL_CONVERSION = YES;
				CLANG_WARN_CONSTANT_CONVERSION = YES;
				CLANG_WARN_DIRECT_OBJC_ISA_USAGE = YES_ERROR;
				CLANG_WARN_EMPTY_BODY = YES;
				CLANG_WARN_ENUM_CONVERSION = YES;
				CLANG_WARN_INT_CONVERSION = YES;
				CLANG_WARN_OBJC_ROOT_CLASS = YES_ERROR;
				CLANG_WARN_UNREACHABLE_CODE = YES;
				CLANG_WARN__DUPLICATE_METHOD_MATCH = YES;
				"CODE_SIGN_IDENTITY[sdk=iphoneos*]" = "iPhone Developer";
				COPY_PHASE_STRIP = NO;
				DEBUG_INFORMATION_FORMAT = "dwarf-with-dsym";
				ENABLE_NS_ASSERTIONS = NO;
				ENABLE_STRICT_OBJC_MSGSEND = YES;
				GCC_C_LANGUAGE_STANDARD = gnu99;
				GCC_NO_COMMON_BLOCKS = YES;
				GCC_WARN_64_TO_32_BIT_CONVERSION = YES;
				GCC_WARN_ABOUT_RETURN_TYPE = YES_ERROR;
				GCC_WARN_UNDECLARED_SELECTOR = YES;
				GCC_WARN_UNINITIALIZED_AUTOS = YES_AGGRESSIVE;
				GCC_WARN_UNUSED_FUNCTION = YES;
				GCC_WARN_UNUSED_VARIABLE = YES;
				IPHONEOS_DEPLOYMENT_TARGET = 9.1;
				MTL_ENABLE_DEBUG_INFO = NO;
				SDKROOT = iphoneos;
				TARGETED_DEVICE_FAMILY = "1,2";
				VALIDATE_PRODUCT = YES;
			};
			name = Release;
		};
		FD4440F81C07F2C800F9CF06 /* Debug */ = {
			isa = XCBuildConfiguration;
			buildSettings = {
				ASSETCATALOG_COMPILER_APPICON_NAME = AppIcon;
				INFOPLIST_FILE = FMDBdemo/Info.plist;
				LD_RUNPATH_SEARCH_PATHS = "$(inherited) @executable_path/Frameworks";
				PRODUCT_BUNDLE_IDENTIFIER = com.kty.demo.FMDBdemo;
				PRODUCT_NAME = "$(TARGET_NAME)";
			};
			name = Debug;
		};
		FD4440F91C07F2C800F9CF06 /* Release */ = {
			isa = XCBuildConfiguration;
			buildSettings = {
				ASSETCATALOG_COMPILER_APPICON_NAME = AppIcon;
				INFOPLIST_FILE = FMDBdemo/Info.plist;
				LD_RUNPATH_SEARCH_PATHS = "$(inherited) @executable_path/Frameworks";
				PRODUCT_BUNDLE_IDENTIFIER = com.kty.demo.FMDBdemo;
				PRODUCT_NAME = "$(TARGET_NAME)";
			};
			name = Release;
		};
		FD4440FB1C07F2C800F9CF06 /* Debug */ = {
			isa = XCBuildConfiguration;
			buildSettings = {
				BUNDLE_LOADER = "$(TEST_HOST)";
				INFOPLIST_FILE = FMDBdemoTests/Info.plist;
				LD_RUNPATH_SEARCH_PATHS = "$(inherited) @executable_path/Frameworks @loader_path/Frameworks";
				PRODUCT_BUNDLE_IDENTIFIER = com.kty.demo.FMDBdemoTests;
				PRODUCT_NAME = "$(TARGET_NAME)";
				TEST_HOST = "$(BUILT_PRODUCTS_DIR)/FMDBdemo.app/FMDBdemo";
			};
			name = Debug;
		};
		FD4440FC1C07F2C800F9CF06 /* Release */ = {
			isa = XCBuildConfiguration;
			buildSettings = {
				BUNDLE_LOADER = "$(TEST_HOST)";
				INFOPLIST_FILE = FMDBdemoTests/Info.plist;
				LD_RUNPATH_SEARCH_PATHS = "$(inherited) @executable_path/Frameworks @loader_path/Frameworks";
				PRODUCT_BUNDLE_IDENTIFIER = com.kty.demo.FMDBdemoTests;
				PRODUCT_NAME = "$(TARGET_NAME)";
				TEST_HOST = "$(BUILT_PRODUCTS_DIR)/FMDBdemo.app/FMDBdemo";
			};
			name = Release;
		};
		FD4440FE1C07F2C800F9CF06 /* Debug */ = {
			isa = XCBuildConfiguration;
			buildSettings = {
				INFOPLIST_FILE = FMDBdemoUITests/Info.plist;
				LD_RUNPATH_SEARCH_PATHS = "$(inherited) @executable_path/Frameworks @loader_path/Frameworks";
				PRODUCT_BUNDLE_IDENTIFIER = com.kty.demo.FMDBdemoUITests;
				PRODUCT_NAME = "$(TARGET_NAME)";
				TEST_TARGET_NAME = FMDBdemo;
				USES_XCTRUNNER = YES;
			};
			name = Debug;
		};
		FD4440FF1C07F2C800F9CF06 /* Release */ = {
			isa = XCBuildConfiguration;
			buildSettings = {
				INFOPLIST_FILE = FMDBdemoUITests/Info.plist;
				LD_RUNPATH_SEARCH_PATHS = "$(inherited) @executable_path/Frameworks @loader_path/Frameworks";
				PRODUCT_BUNDLE_IDENTIFIER = com.kty.demo.FMDBdemoUITests;
				PRODUCT_NAME = "$(TARGET_NAME)";
				TEST_TARGET_NAME = FMDBdemo;
				USES_XCTRUNNER = YES;
			};
			name = Release;
		};
/* End XCBuildConfiguration section */

/* Begin XCConfigurationList section */
		FD4440C51C07F2C800F9CF06 /* Build configuration list for PBXProject "FMDBdemo" */ = {
			isa = XCConfigurationList;
			buildConfigurations = (
				FD4440F51C07F2C800F9CF06 /* Debug */,
				FD4440F61C07F2C800F9CF06 /* Release */,
			);
			defaultConfigurationIsVisible = 0;
			defaultConfigurationName = Release;
		};
		FD4440F71C07F2C800F9CF06 /* Build configuration list for PBXNativeTarget "FMDBdemo" */ = {
			isa = XCConfigurationList;
			buildConfigurations = (
				FD4440F81C07F2C800F9CF06 /* Debug */,
				FD4440F91C07F2C800F9CF06 /* Release */,
			);
			defaultConfigurationIsVisible = 0;
			defaultConfigurationName = Release;
		};
		FD4440FA1C07F2C800F9CF06 /* Build configuration list for PBXNativeTarget "FMDBdemoTests" */ = {
			isa = XCConfigurationList;
			buildConfigurations = (
				FD4440FB1C07F2C800F9CF06 /* Debug */,
				FD4440FC1C07F2C800F9CF06 /* Release */,
			);
			defaultConfigurationIsVisible = 0;
			defaultConfigurationName = Release;
		};
		FD4440FD1C07F2C800F9CF06 /* Build configuration list for PBXNativeTarget "FMDBdemoUITests" */ = {
			isa = XCConfigurationList;
			buildConfigurations = (
				FD4440FE1C07F2C800F9CF06 /* Debug */,
				FD4440FF1C07F2C800F9CF06 /* Release */,
			);
			defaultConfigurationIsVisible = 0;
			defaultConfigurationName = Release;
		};
/* End XCConfigurationList section */
	};
	rootObject = FD4440C21C07F2C800F9CF06 /* Project object */;
}
